<?xml version="1.0" encoding="utf-8"?>
<Project ToolsVersion="4.0" xmlns="http://schemas.microsoft.com/developer/msbuild/2003">
  <ItemGroup>
    <FxCompile Include="Assets\PixelShader.hlsl">
      <Filter>Assets</Filter>
    </FxCompile>
    <FxCompile Include="Assets\VertexShader.hlsl">
      <Filter>Assets</Filter>
    </FxCompile>
  </ItemGroup>
  <ItemGroup>
    <ClCompile Include="Game.cpp" />
    <ClCompile Include="HAUtils.cpp" />
    <ClCompile Include="LogWindow.cpp" />
    <ClCompile Include="Main.cpp" />
    <ClCompile Include="pch.cpp" />
    <ClCompile Include="Sidebar.cpp" />
    <ClCompile Include="SidebarContent.cpp" />
    <ClCompile Include="SidebarManager.cpp" />
    <ClCompile Include="DeviceResources.cpp">
      <Filter>Common</Filter>
    </ClCompile>
    <ClCompile Include="Emulator\CardManager.cpp">
      <Filter>Emulator</Filter>
    </ClCompile>
    <ClCompile Include="Emulator\LanguageCard.cpp">
      <Filter>Emulator</Filter>
    </ClCompile>
    <ClCompile Include="Emulator\Memory.cpp">
      <Filter>Emulator</Filter>
    </ClCompile>
    <ClCompile Include="Emulator\NoSlotClock.cpp">
      <Filter>Emulator</Filter>
    </ClCompile>
    <ClCompile Include="Emulator\SynchronousEventManager.cpp">
      <Filter>Emulator</Filter>
    </ClCompile>
    <ClCompile Include="Emulator\DiskImage.cpp">
      <Filter>Emulator\Disk</Filter>
    </ClCompile>
    <ClCompile Include="Emulator\DiskImageHelper.cpp">
      <Filter>Emulator\Disk</Filter>
    </ClCompile>
    <ClCompile Include="Emulator\Harddisk.cpp">
      <Filter>Emulator\Disk</Filter>
    </ClCompile>
    <ClCompile Include="Emulator\Video.cpp">
      <Filter>Emulator\Video</Filter>
    </ClCompile>
    <ClCompile Include="Emulator\NTSC.cpp">
      <Filter>Emulator\Video</Filter>
    </ClCompile>
    <ClCompile Include="Emulator\NTSC_CharSet.cpp">
      <Filter>Emulator\Video</Filter>
    </ClCompile>
    <ClCompile Include="Emulator\SoundCore.cpp">
      <Filter>Emulator\Sound</Filter>
    </ClCompile>
    <ClCompile Include="Emulator\Speaker.cpp">
      <Filter>Emulator\Sound</Filter>
    </ClCompile>
    <ClCompile Include="Emulator\Mockingboard.cpp">
      <Filter>Emulator\Sound</Filter>
    </ClCompile>
    <ClCompile Include="Emulator\Keyboard.cpp">
      <Filter>Emulator\Input</Filter>
    </ClCompile>
    <ClCompile Include="Emulator\RGBMonitor.cpp">
      <Filter>Emulator\Video</Filter>
    </ClCompile>
    <ClCompile Include="Emulator\CPU.cpp">
      <Filter>Emulator\CPU</Filter>
    </ClCompile>
    <ClCompile Include="Emulator\AY8910.cpp">
      <Filter>Emulator\Sound</Filter>
    </ClCompile>
    <ClCompile Include="Emulator\AppleWin.cpp">
      <Filter>Emulator</Filter>
    </ClCompile>
    <ClCompile Include="RemoteControl\Gamelink.cpp">
      <Filter>Remote Control</Filter>
    </ClCompile>
    <ClCompile Include="RemoteControl\RemoteControlManager.cpp">
      <Filter>Remote Control</Filter>
    </ClCompile>
    <ClCompile Include="NonVolatile.cpp" />
    <ClCompile Include="Emulator\Joystick.cpp">
      <Filter>Emulator\Input</Filter>
    </ClCompile>
    <ClCompile Include="HackWindow.cpp" />
  </ItemGroup>
  <ItemGroup>
    <ClInclude Include="Game.h" />
    <ClInclude Include="HAUtils.h" />
    <ClInclude Include="LogWindow.h" />
    <ClInclude Include="pch.h" />
    <ClInclude Include="resource.h" />
    <ClInclude Include="Sidebar.h" />
    <ClInclude Include="SidebarContent.h" />
    <ClInclude Include="SidebarManager.h" />
    <ClInclude Include="targetver.h" />
    <ClInclude Include="ATGColors.h">
      <Filter>Common</Filter>
    </ClInclude>
    <ClInclude Include="d3dx12.h">
      <Filter>Common</Filter>
    </ClInclude>
    <ClInclude Include="DeviceResources.h">
      <Filter>Common</Filter>
    </ClInclude>
    <ClInclude Include="FindMedia.h">
      <Filter>Common</Filter>
    </ClInclude>
    <ClInclude Include="ReadData.h">
      <Filter>Common</Filter>
    </ClInclude>
    <ClInclude Include="StepTimer.h">
      <Filter>Common</Filter>
    </ClInclude>
    <ClInclude Include="Emulator\CPU\cpu65C02.h">
      <Filter>Emulator\CPU</Filter>
    </ClInclude>
    <ClInclude Include="Emulator\CPU\cpu6502.h">
      <Filter>Emulator\CPU</Filter>
    </ClInclude>
    <ClInclude Include="Emulator\Card.h">
      <Filter>Emulator</Filter>
    </ClInclude>
    <ClInclude Include="Emulator\CardManager.h">
      <Filter>Emulator</Filter>
    </ClInclude>
    <ClInclude Include="Emulator\Common.h">
      <Filter>Emulator</Filter>
    </ClInclude>
    <ClInclude Include="Emulator\LanguageCard.h">
      <Filter>Emulator</Filter>
    </ClInclude>
    <ClInclude Include="Emulator\Memory.h">
      <Filter>Emulator</Filter>
    </ClInclude>
    <ClInclude Include="Emulator\NoSlotClock.h">
      <Filter>Emulator</Filter>
    </ClInclude>
    <ClInclude Include="Emulator\SynchronousEventManager.h">
      <Filter>Emulator</Filter>
    </ClInclude>
    <ClInclude Include="Emulator\DiskDefs.h">
      <Filter>Emulator\Disk</Filter>
    </ClInclude>
    <ClInclude Include="Emulator\DiskImage.h">
      <Filter>Emulator\Disk</Filter>
    </ClInclude>
    <ClInclude Include="Emulator\DiskImageHelper.h">
      <Filter>Emulator\Disk</Filter>
    </ClInclude>
    <ClInclude Include="Emulator\Harddisk.h">
      <Filter>Emulator\Disk</Filter>
    </ClInclude>
    <ClInclude Include="Emulator\Video.h">
      <Filter>Emulator\Video</Filter>
    </ClInclude>
    <ClInclude Include="Emulator\NTSC.h">
      <Filter>Emulator\Video</Filter>
    </ClInclude>
    <ClInclude Include="Emulator\NTSC_CharSet.h">
      <Filter>Emulator\Video</Filter>
    </ClInclude>
    <ClInclude Include="Emulator\SoundCore.h">
      <Filter>Emulator\Sound</Filter>
    </ClInclude>
    <ClInclude Include="Emulator\Speaker.h">
      <Filter>Emulator\Sound</Filter>
    </ClInclude>
    <ClInclude Include="Emulator\Mockingboard.h">
      <Filter>Emulator\Sound</Filter>
    </ClInclude>
    <ClInclude Include="Emulator\Keyboard.h">
      <Filter>Emulator\Input</Filter>
    </ClInclude>
    <ClInclude Include="Emulator\RGBMonitor.h">
      <Filter>Emulator\Video</Filter>
    </ClInclude>
    <ClInclude Include="Emulator\CPU.h">
      <Filter>Emulator\CPU</Filter>
    </ClInclude>
    <ClInclude Include="Emulator\SSI263Phonemes.h">
      <Filter>Emulator\Sound</Filter>
    </ClInclude>
    <ClInclude Include="Emulator\AY8910.h">
      <Filter>Emulator\Sound</Filter>
    </ClInclude>
    <ClInclude Include="Emulator\AppleWin.h">
      <Filter>Emulator</Filter>
    </ClInclude>
    <ClInclude Include="RemoteControl\Gamelink.h">
      <Filter>Remote Control</Filter>
    </ClInclude>
    <ClInclude Include="RemoteControl\RemoteControlManager.h">
      <Filter>Remote Control</Filter>
    </ClInclude>
    <ClInclude Include="NonVolatile.h" />
    <ClInclude Include="Emulator\Joystick.h">
      <Filter>Emulator\Input</Filter>
    </ClInclude>
    <ClInclude Include="HackWindow.h" />
  </ItemGroup>
  <ItemGroup>
    <ResourceCompile Include="resource.rc" />
  </ItemGroup>
  <ItemGroup>
    <Image Include="applewincompanion.ico">
      <Filter>Assets</Filter>
    </Image>
    <Image Include="Assets\Background.jpg">
      <Filter>Assets</Filter>
    </Image>
    <Image Include="noxarchaistcompanion.ico" />
    <Image Include="Emulator\Resources\CHARSET82.bmp">
      <Filter>Emulator\Resources</Filter>
    </Image>
    <Image Include="Emulator\Resources\CHARSET4.BMP">
      <Filter>Emulator\Resources</Filter>
    </Image>
    <Image Include="Emulator\Resources\CHARSET8C.bmp">
      <Filter>Emulator\Resources</Filter>
    </Image>
    <Image Include="Emulator\Resources\CHARSET8M.bmp">
      <Filter>Emulator\Resources</Filter>
    </Image>
  </ItemGroup>
  <ItemGroup>
    <None Include="..\README.md" />
    <None Include="packages.config" />
    <None Include="Assets\a2-12pt.spritefont">
      <Filter>Assets</Filter>
    </None>
    <None Include="Assets\a2-bold-12pt.spritefont">
      <Filter>Assets</Filter>
    </None>
    <None Include="Assets\a2-bolditalic-12pt.spritefont">
      <Filter>Assets</Filter>
    </None>
    <None Include="Assets\a2-italic-12pt.spritefont">
      <Filter>Assets</Filter>
    </None>
    <None Include="Emulator\CPU\cpu_general.inl">
      <Filter>Emulator\CPU</Filter>
    </None>
    <None Include="Emulator\CPU\cpu_heatmap.inl">
      <Filter>Emulator\CPU</Filter>
    </None>
    <None Include="Emulator\CPU\cpu_instructions.inl">
      <Filter>Emulator\CPU</Filter>
    </None>
    <None Include="Emulator\Resources\TKClock.rom">
      <Filter>Emulator\Resources</Filter>
    </None>
    <None Include="Emulator\Resources\Apple2e_Enhanced.rom">
      <Filter>Emulator\Resources</Filter>
    </None>
    <None Include="Emulator\Resources\DISK2.rom">
      <Filter>Emulator\Resources</Filter>
    </None>
    <None Include="Emulator\Resources\Hddrvr.bin">
      <Filter>Emulator\Resources</Filter>
    </None>
    <None Include="Emulator\Resources\Mockingboard-D.rom">
      <Filter>Emulator\Resources</Filter>
    </None>
    <None Include="Emulator\Resources\Parallel.rom">
      <Filter>Emulator\Resources</Filter>
    </None>
    <None Include="Assets\Versions.json">
      <Filter>Assets</Filter>
    </None>
    <None Include="Profiles\v1.1.9\Nox Archaist.json">
      <Filter>Profiles\1.1.9</Filter>
    </None>
    <None Include="Profiles\v1.1.9\Nox Archaist - Duo.json">
      <Filter>Profiles\1.1.9</Filter>
    </None>
    <None Include="Profiles\v1.1.9\Nox Archaist - Extended.json">
      <Filter>Profiles\1.1.9</Filter>
    </None>
    <None Include="Profiles\v1.1.9\Nox Archaist - Full.json">
      <Filter>Profiles\1.1.9</Filter>
    </None>
    <None Include="Profiles\v1.1.9\Nox Archaist - Solo.json">
      <Filter>Profiles\1.1.9</Filter>
    </None>
    <None Include="Profiles\v1.1.4\Nox Archaist.json">
      <Filter>Profiles\1.1.4</Filter>
    </None>
    <None Include="Profiles\v1.1.4\Nox Archaist - Duo.json">
      <Filter>Profiles\1.1.4</Filter>
    </None>
    <None Include="Profiles\v1.1.4\Nox Archaist - Extended.json">
      <Filter>Profiles\1.1.4</Filter>
    </None>
    <None Include="Profiles\v1.1.4\Nox Archaist - Solo.json">
      <Filter>Profiles\1.1.4</Filter>
    </None>
    <None Include="Profiles\v1.3.2\Nox_Archaist - Full Six Party.json">
      <Filter>Profiles\1.3.2</Filter>
    </None>
    <None Include="Profiles\v1.3.2\Nox Archaist - Full.json">
      <Filter>Profiles\1.3.2</Filter>
    </None>
    <None Include="Profiles\v1.3.2\Nox Archaist - Solo.json">
      <Filter>Profiles\1.3.2</Filter>
    </None>
    <None Include="Profiles\v1.3.2\Nox Archaist.json">
      <Filter>Profiles\1.3.2</Filter>
    </None>
  </ItemGroup>
  <ItemGroup>
    <Filter Include="Profiles">
      <UniqueIdentifier>{299f29e6-1683-429f-ad0d-beec45f1508b}</UniqueIdentifier>
    </Filter>
    <Filter Include="Assets">
      <UniqueIdentifier>{6f1c811e-cd40-47ff-a5bf-deeaf2205091}</UniqueIdentifier>
    </Filter>
    <Filter Include="Common">
      <UniqueIdentifier>{566dec61-5a78-4207-be75-6ca46f0d3c2a}</UniqueIdentifier>
    </Filter>
    <Filter Include="Emulator">
      <UniqueIdentifier>{41b7a657-8179-4700-915e-50c82756244f}</UniqueIdentifier>
    </Filter>
    <Filter Include="Emulator\CPU">
      <UniqueIdentifier>{4c520916-b60b-4cae-8269-5b6c15ddf85c}</UniqueIdentifier>
    </Filter>
    <Filter Include="Emulator\Disk">
      <UniqueIdentifier>{9970d57f-6b72-4b11-844a-c7da71611b78}</UniqueIdentifier>
    </Filter>
    <Filter Include="Emulator\Video">
      <UniqueIdentifier>{23ecd2ae-762d-412d-9402-2cef9739f260}</UniqueIdentifier>
    </Filter>
    <Filter Include="Emulator\Sound">
      <UniqueIdentifier>{2a071aba-db97-4cb3-92f5-c444fabebf22}</UniqueIdentifier>
    </Filter>
    <Filter Include="Emulator\Input">
      <UniqueIdentifier>{81122d3c-888c-4a2b-8d12-53ced17c18dd}</UniqueIdentifier>
    </Filter>
    <Filter Include="Emulator\Resources">
      <UniqueIdentifier>{5a88e559-392f-4f43-ad30-5cfe8374fc52}</UniqueIdentifier>
    </Filter>
    <Filter Include="Remote Control">
      <UniqueIdentifier>{98874c3e-7d86-4875-b771-9ab6a7f9e3e6}</UniqueIdentifier>
    </Filter>
    <Filter Include="Profiles\Grid Cartographer Profiles">
      <UniqueIdentifier>{b84bfe9f-2303-480a-b334-9bc7c665aee7}</UniqueIdentifier>
    </Filter>
    <Filter Include="Profiles\1.1.4">
      <UniqueIdentifier>{8b014f5d-867d-45a2-9138-22a55a09f448}</UniqueIdentifier>
    </Filter>
    <Filter Include="Profiles\1.1.9">
      <UniqueIdentifier>{dd60f26b-8c5e-45fb-ad4c-c2a8e04291cc}</UniqueIdentifier>
    </Filter>
    <Filter Include="Profiles\1.3.2">
      <UniqueIdentifier>{279dab89-736f-472e-a1f5-c2a62da654f2}</UniqueIdentifier>
    </Filter>
  </ItemGroup>
  <ItemGroup>
    <Manifest Include="settings.manifest">
      <Filter>Assets</Filter>
    </Manifest>
  </ItemGroup>
  <ItemGroup>
    <Xml Include="Profiles\Grid Cartographer Profiles\Nox_Archaist Companion.xml">
      <Filter>Profiles\Grid Cartographer Profiles</Filter>
    </Xml>
  </ItemGroup>
</Project>